
Microsoft Visual Studio Solution File, Format Version 12.00
# Visual Studio Version 16
VisualStudioVersion = 16.0.30804.86
MinimumVisualStudioVersion = 10.0.40219.1
Project("{FAE04EC0-301F-11D3-BF4B-00C04F79EFBC}") = "VantagePoint.Web", "VantagePoint.Web\VantagePoint.Web.csproj", "{F3196A93-4D70-4AC9-B52B-F8F58AD466FB}"
EndProject
Global
	GlobalSection(SolutionConfigurationPlatforms) = preSolution
		Debug|Any CPU = Debug|Any CPU
		Release|Any CPU = Release|Any CPU
	EndGlobalSection
	GlobalSection(ProjectConfigurationPlatforms) = postSolution
		{F3196A93-4D70-4AC9-B52B-F8F58AD466FB}.Debug|Any CPU.ActiveCfg = Debug|Any CPU
		{F3196A93-4D70-4AC9-B52B-F8F58AD466FB}.Debug|Any CPU.Build.0 = Debug|Any CPU
		{F3196A93-4D70-4AC9-B52B-F8F58AD466FB}.Release|Any CPU.ActiveCfg = Release|Any CPU
		{F3196A93-4D70-4AC9-B52B-F8F58AD466FB}.Release|Any CPU.Build.0 = Release|Any CPU
	EndGlobalSection
	GlobalSection(SolutionProperties) = preSolution
		HideSolutionNode = FALSE
	EndGlobalSection
	GlobalSection(ExtensibilityGlobals) = postSolution
		SolutionGuid = {1D691E78-122A-4758-A293-ECA206F816BA}
	EndGlobalSection
EndGlobal
